// !$*UTF8*$!
{
	archiveVersion = 1;
	classes = {
	};
	objectVersion = 52;
	objects = {

/* Begin PBXBuildFile section */
		6A10D047FEF257B89C13779B /* Pods_TinderSampleApp.framework in Frameworks */ = {isa = PBXBuildFile; fileRef = A5DA1A7EB1AC58EAC2041D46 /* Pods_TinderSampleApp.framework */; };
		A37F35B1325DF77736774FDE /* Pods_TinderSampleApp_TinderSampleAppUITests.framework in Frameworks */ = {isa = PBXBuildFile; fileRef = 4377CF7341554084787BCFDB /* Pods_TinderSampleApp_TinderSampleAppUITests.framework */; };
		C2249B052680395800E801E8 /* AppDelegate.swift in Sources */ = {isa = PBXBuildFile; fileRef = C2249B042680395800E801E8 /* AppDelegate.swift */; };
		C2249B072680395800E801E8 /* SceneDelegate.swift in Sources */ = {isa = PBXBuildFile; fileRef = C2249B062680395800E801E8 /* SceneDelegate.swift */; };
		C2249B092680395800E801E8 /* HomeViewController.swift in Sources */ = {isa = PBXBuildFile; fileRef = C2249B082680395800E801E8 /* HomeViewController.swift */; };
		C2249B0E2680395A00E801E8 /* Assets.xcassets in Resources */ = {isa = PBXBuildFile; fileRef = C2249B0D2680395A00E801E8 /* Assets.xcassets */; };
		C2249B112680395A00E801E8 /* LaunchScreen.storyboard in Resources */ = {isa = PBXBuildFile; fileRef = C2249B0F2680395A00E801E8 /* LaunchScreen.storyboard */; };
		C2249B1C2680395A00E801E8 /* TinderSampleAppTests.swift in Sources */ = {isa = PBXBuildFile; fileRef = C2249B1B2680395A00E801E8 /* TinderSampleAppTests.swift */; };
		C2249B272680395A00E801E8 /* TinderSampleAppUITests.swift in Sources */ = {isa = PBXBuildFile; fileRef = C2249B262680395A00E801E8 /* TinderSampleAppUITests.swift */; };
		C26C03CF27203B4F005DC4D2 /* SDWebImage in Frameworks */ = {isa = PBXBuildFile; productRef = C26C03CE27203B4F005DC4D2 /* SDWebImage */; };
		C29A340626D0F3410099BD3D /* ProfileTextField.swift in Sources */ = {isa = PBXBuildFile; fileRef = C29A340526D0F3410099BD3D /* ProfileTextField.swift */; };
		C29E730226DDB24400ECF2F3 /* InfoCollectionViewCell.swift in Sources */ = {isa = PBXBuildFile; fileRef = C29E730126DDB24400ECF2F3 /* InfoCollectionViewCell.swift */; };
		C2B53BAF268338C50048CA35 /* BottomControlView.swift in Sources */ = {isa = PBXBuildFile; fileRef = C2B53BAE268338C50048CA35 /* BottomControlView.swift */; };
		C2B53BB1268473060048CA35 /* UIImage-Extension.swift in Sources */ = {isa = PBXBuildFile; fileRef = C2B53BB0268473060048CA35 /* UIImage-Extension.swift */; };
		C2B53BB42686D67F0048CA35 /* TopControlView.swift in Sources */ = {isa = PBXBuildFile; fileRef = C2B53BB32686D67F0048CA35 /* TopControlView.swift */; };
		C2B53BB72686EDEE0048CA35 /* RxSwift in Frameworks */ = {isa = PBXBuildFile; productRef = C2B53BB62686EDEE0048CA35 /* RxSwift */; };
		C2B53BB92686EDEE0048CA35 /* RxCocoa in Frameworks */ = {isa = PBXBuildFile; productRef = C2B53BB82686EDEE0048CA35 /* RxCocoa */; };
		C2B53BBB2686EDEE0048CA35 /* RxRelay in Frameworks */ = {isa = PBXBuildFile; productRef = C2B53BBA2686EDEE0048CA35 /* RxRelay */; };
		C2B53BBD268996A30048CA35 /* UIView-Extension.swift in Sources */ = {isa = PBXBuildFile; fileRef = C2B53BBC268996A30048CA35 /* UIView-Extension.swift */; };
		C2B53BBF2689B0EA0048CA35 /* CardView.swift in Sources */ = {isa = PBXBuildFile; fileRef = C2B53BBE2689B0EA0048CA35 /* CardView.swift */; };
		C2B53BC12689EA3F0048CA35 /* UIColor-Extension.swift in Sources */ = {isa = PBXBuildFile; fileRef = C2B53BC02689EA3F0048CA35 /* UIColor-Extension.swift */; };
		C2B53BC3268A10310048CA35 /* CardInfoLabel.swift in Sources */ = {isa = PBXBuildFile; fileRef = C2B53BC2268A10310048CA35 /* CardInfoLabel.swift */; };
		C2B53BC5268A147B0048CA35 /* UIButton-Extension.swift in Sources */ = {isa = PBXBuildFile; fileRef = C2B53BC4268A147B0048CA35 /* UIButton-Extension.swift */; };
		C2B53BC7268A15ED0048CA35 /* CardImageView.swift in Sources */ = {isa = PBXBuildFile; fileRef = C2B53BC6268A15EC0048CA35 /* CardImageView.swift */; };
		C2B53BC9268B28380048CA35 /* GoogleService-Info.plist in Resources */ = {isa = PBXBuildFile; fileRef = C2B53BC8268B28380048CA35 /* GoogleService-Info.plist */; };
		C2B53BCB268B2AE40048CA35 /* RegisterViewController.swift in Sources */ = {isa = PBXBuildFile; fileRef = C2B53BCA268B2AE40048CA35 /* RegisterViewController.swift */; };
		C2B53BCF268B2F930048CA35 /* RegisterTextField.swift in Sources */ = {isa = PBXBuildFile; fileRef = C2B53BCE268B2F930048CA35 /* RegisterTextField.swift */; };
		C2B53BD1268C51990048CA35 /* RegisterTitleLabel.swift in Sources */ = {isa = PBXBuildFile; fileRef = C2B53BD0268C51990048CA35 /* RegisterTitleLabel.swift */; };
		C2B53BD3268C54970048CA35 /* RegisterButton.swift in Sources */ = {isa = PBXBuildFile; fileRef = C2B53BD2268C54970048CA35 /* RegisterButton.swift */; };
		C2B53BD8268DB23F0048CA35 /* RegisterViewModel.swift in Sources */ = {isa = PBXBuildFile; fileRef = C2B53BD7268DB23F0048CA35 /* RegisterViewModel.swift */; };
		C2B53BDA268DCEBA0048CA35 /* Firebase-Extension.swift in Sources */ = {isa = PBXBuildFile; fileRef = C2B53BD9268DCEBA0048CA35 /* Firebase-Extension.swift */; };
		C2B53BDC268EC3070048CA35 /* LoginViewController.swift in Sources */ = {isa = PBXBuildFile; fileRef = C2B53BDB268EC3070048CA35 /* LoginViewController.swift */; };
		C2B53BDF2696D0A20048CA35 /* PKHUD in Frameworks */ = {isa = PBXBuildFile; productRef = C2B53BDE2696D0A20048CA35 /* PKHUD */; };
		C2B53BE2269827150048CA35 /* User.swift in Sources */ = {isa = PBXBuildFile; fileRef = C2B53BE1269827150048CA35 /* User.swift */; };
		C2B53BE426992DD00048CA35 /* ProfileViewController.swift in Sources */ = {isa = PBXBuildFile; fileRef = C2B53BE326992DD00048CA35 /* ProfileViewController.swift */; };
		C2B53BE7269BE6740048CA35 /* ProfileImageView.swift in Sources */ = {isa = PBXBuildFile; fileRef = C2B53BE6269BE6740048CA35 /* ProfileImageView.swift */; };
		C2B53BE9269BE8D20048CA35 /* ProfileLabel.swift in Sources */ = {isa = PBXBuildFile; fileRef = C2B53BE8269BE8D20048CA35 /* ProfileLabel.swift */; };
		F592542834914EE51C135647 /* Pods_TinderSampleAppTests.framework in Frameworks */ = {isa = PBXBuildFile; fileRef = 62D60ACB0E7D945B76A795D7 /* Pods_TinderSampleAppTests.framework */; };
/* End PBXBuildFile section */

/* Begin PBXContainerItemProxy section */
		C2249B182680395A00E801E8 /* PBXContainerItemProxy */ = {
			isa = PBXContainerItemProxy;
			containerPortal = C2249AF92680395800E801E8 /* Project object */;
			proxyType = 1;
			remoteGlobalIDString = C2249B002680395800E801E8;
			remoteInfo = TinderSampleApp;
		};
		C2249B232680395A00E801E8 /* PBXContainerItemProxy */ = {
			isa = PBXContainerItemProxy;
			containerPortal = C2249AF92680395800E801E8 /* Project object */;
			proxyType = 1;
			remoteGlobalIDString = C2249B002680395800E801E8;
			remoteInfo = TinderSampleApp;
		};
/* End PBXContainerItemProxy section */

/* Begin PBXFileReference section */
		382B9521745F43F8F52B6095 /* Pods-TinderSampleApp.release.xcconfig */ = {isa = PBXFileReference; includeInIndex = 1; lastKnownFileType = text.xcconfig; name = "Pods-TinderSampleApp.release.xcconfig"; path = "Target Support Files/Pods-TinderSampleApp/Pods-TinderSampleApp.release.xcconfig"; sourceTree = "<group>"; };
		4377CF7341554084787BCFDB /* Pods_TinderSampleApp_TinderSampleAppUITests.framework */ = {isa = PBXFileReference; explicitFileType = wrapper.framework; includeInIndex = 0; path = Pods_TinderSampleApp_TinderSampleAppUITests.framework; sourceTree = BUILT_PRODUCTS_DIR; };
		62D60ACB0E7D945B76A795D7 /* Pods_TinderSampleAppTests.framework */ = {isa = PBXFileReference; explicitFileType = wrapper.framework; includeInIndex = 0; path = Pods_TinderSampleAppTests.framework; sourceTree = BUILT_PRODUCTS_DIR; };
		6FF97D70BF50B073B685E637 /* Pods-TinderSampleAppTests.debug.xcconfig */ = {isa = PBXFileReference; includeInIndex = 1; lastKnownFileType = text.xcconfig; name = "Pods-TinderSampleAppTests.debug.xcconfig"; path = "Target Support Files/Pods-TinderSampleAppTests/Pods-TinderSampleAppTests.debug.xcconfig"; sourceTree = "<group>"; };
		78670A764671BCAA068D5F61 /* Pods-TinderSampleApp-TinderSampleAppUITests.release.xcconfig */ = {isa = PBXFileReference; includeInIndex = 1; lastKnownFileType = text.xcconfig; name = "Pods-TinderSampleApp-TinderSampleAppUITests.release.xcconfig"; path = "Target Support Files/Pods-TinderSampleApp-TinderSampleAppUITests/Pods-TinderSampleApp-TinderSampleAppUITests.release.xcconfig"; sourceTree = "<group>"; };
		A5DA1A7EB1AC58EAC2041D46 /* Pods_TinderSampleApp.framework */ = {isa = PBXFileReference; explicitFileType = wrapper.framework; includeInIndex = 0; path = Pods_TinderSampleApp.framework; sourceTree = BUILT_PRODUCTS_DIR; };
		BBF0757F5CD872CA4BC8D635 /* Pods-TinderSampleAppTests.release.xcconfig */ = {isa = PBXFileReference; includeInIndex = 1; lastKnownFileType = text.xcconfig; name = "Pods-TinderSampleAppTests.release.xcconfig"; path = "Target Support Files/Pods-TinderSampleAppTests/Pods-TinderSampleAppTests.release.xcconfig"; sourceTree = "<group>"; };
		C2249B012680395800E801E8 /* TinderSampleApp.app */ = {isa = PBXFileReference; explicitFileType = wrapper.application; includeInIndex = 0; path = TinderSampleApp.app; sourceTree = BUILT_PRODUCTS_DIR; };
		C2249B042680395800E801E8 /* AppDelegate.swift */ = {isa = PBXFileReference; lastKnownFileType = sourcecode.swift; path = AppDelegate.swift; sourceTree = "<group>"; };
		C2249B062680395800E801E8 /* SceneDelegate.swift */ = {isa = PBXFileReference; lastKnownFileType = sourcecode.swift; path = SceneDelegate.swift; sourceTree = "<group>"; };
		C2249B082680395800E801E8 /* HomeViewController.swift */ = {isa = PBXFileReference; lastKnownFileType = sourcecode.swift; path = HomeViewController.swift; sourceTree = "<group>"; };
		C2249B0D2680395A00E801E8 /* Assets.xcassets */ = {isa = PBXFileReference; lastKnownFileType = folder.assetcatalog; path = Assets.xcassets; sourceTree = "<group>"; };
		C2249B102680395A00E801E8 /* Base */ = {isa = PBXFileReference; lastKnownFileType = file.storyboard; name = Base; path = Base.lproj/LaunchScreen.storyboard; sourceTree = "<group>"; };
		C2249B122680395A00E801E8 /* Info.plist */ = {isa = PBXFileReference; lastKnownFileType = text.plist.xml; path = Info.plist; sourceTree = "<group>"; };
		C2249B172680395A00E801E8 /* TinderSampleAppTests.xctest */ = {isa = PBXFileReference; explicitFileType = wrapper.cfbundle; includeInIndex = 0; path = TinderSampleAppTests.xctest; sourceTree = BUILT_PRODUCTS_DIR; };
		C2249B1B2680395A00E801E8 /* TinderSampleAppTests.swift */ = {isa = PBXFileReference; lastKnownFileType = sourcecode.swift; path = TinderSampleAppTests.swift; sourceTree = "<group>"; };
		C2249B1D2680395A00E801E8 /* Info.plist */ = {isa = PBXFileReference; lastKnownFileType = text.plist.xml; path = Info.plist; sourceTree = "<group>"; };
		C2249B222680395A00E801E8 /* TinderSampleAppUITests.xctest */ = {isa = PBXFileReference; explicitFileType = wrapper.cfbundle; includeInIndex = 0; path = TinderSampleAppUITests.xctest; sourceTree = BUILT_PRODUCTS_DIR; };
		C2249B262680395A00E801E8 /* TinderSampleAppUITests.swift */ = {isa = PBXFileReference; lastKnownFileType = sourcecode.swift; path = TinderSampleAppUITests.swift; sourceTree = "<group>"; };
		C2249B282680395A00E801E8 /* Info.plist */ = {isa = PBXFileReference; lastKnownFileType = text.plist.xml; path = Info.plist; sourceTree = "<group>"; };
		C29A340526D0F3410099BD3D /* ProfileTextField.swift */ = {isa = PBXFileReference; lastKnownFileType = sourcecode.swift; path = ProfileTextField.swift; sourceTree = "<group>"; };
		C29E730126DDB24400ECF2F3 /* InfoCollectionViewCell.swift */ = {isa = PBXFileReference; lastKnownFileType = sourcecode.swift; path = InfoCollectionViewCell.swift; sourceTree = "<group>"; };
		C2B53BAE268338C50048CA35 /* BottomControlView.swift */ = {isa = PBXFileReference; lastKnownFileType = sourcecode.swift; path = BottomControlView.swift; sourceTree = "<group>"; };
		C2B53BB0268473060048CA35 /* UIImage-Extension.swift */ = {isa = PBXFileReference; lastKnownFileType = sourcecode.swift; path = "UIImage-Extension.swift"; sourceTree = "<group>"; };
		C2B53BB32686D67F0048CA35 /* TopControlView.swift */ = {isa = PBXFileReference; lastKnownFileType = sourcecode.swift; path = TopControlView.swift; sourceTree = "<group>"; };
		C2B53BBC268996A30048CA35 /* UIView-Extension.swift */ = {isa = PBXFileReference; lastKnownFileType = sourcecode.swift; path = "UIView-Extension.swift"; sourceTree = "<group>"; };
		C2B53BBE2689B0EA0048CA35 /* CardView.swift */ = {isa = PBXFileReference; lastKnownFileType = sourcecode.swift; path = CardView.swift; sourceTree = "<group>"; };
		C2B53BC02689EA3F0048CA35 /* UIColor-Extension.swift */ = {isa = PBXFileReference; lastKnownFileType = sourcecode.swift; path = "UIColor-Extension.swift"; sourceTree = "<group>"; };
		C2B53BC2268A10310048CA35 /* CardInfoLabel.swift */ = {isa = PBXFileReference; lastKnownFileType = sourcecode.swift; path = CardInfoLabel.swift; sourceTree = "<group>"; };
		C2B53BC4268A147B0048CA35 /* UIButton-Extension.swift */ = {isa = PBXFileReference; lastKnownFileType = sourcecode.swift; path = "UIButton-Extension.swift"; sourceTree = "<group>"; };
		C2B53BC6268A15EC0048CA35 /* CardImageView.swift */ = {isa = PBXFileReference; lastKnownFileType = sourcecode.swift; path = CardImageView.swift; sourceTree = "<group>"; };
		C2B53BC8268B28380048CA35 /* GoogleService-Info.plist */ = {isa = PBXFileReference; fileEncoding = 4; lastKnownFileType = text.plist.xml; path = "GoogleService-Info.plist"; sourceTree = "<group>"; };
		C2B53BCA268B2AE40048CA35 /* RegisterViewController.swift */ = {isa = PBXFileReference; lastKnownFileType = sourcecode.swift; path = RegisterViewController.swift; sourceTree = "<group>"; };
		C2B53BCE268B2F930048CA35 /* RegisterTextField.swift */ = {isa = PBXFileReference; lastKnownFileType = sourcecode.swift; path = RegisterTextField.swift; sourceTree = "<group>"; };
		C2B53BD0268C51990048CA35 /* RegisterTitleLabel.swift */ = {isa = PBXFileReference; lastKnownFileType = sourcecode.swift; path = RegisterTitleLabel.swift; sourceTree = "<group>"; };
		C2B53BD2268C54970048CA35 /* RegisterButton.swift */ = {isa = PBXFileReference; lastKnownFileType = sourcecode.swift; path = RegisterButton.swift; sourceTree = "<group>"; };
		C2B53BD7268DB23F0048CA35 /* RegisterViewModel.swift */ = {isa = PBXFileReference; lastKnownFileType = sourcecode.swift; path = RegisterViewModel.swift; sourceTree = "<group>"; };
		C2B53BD9268DCEBA0048CA35 /* Firebase-Extension.swift */ = {isa = PBXFileReference; lastKnownFileType = sourcecode.swift; path = "Firebase-Extension.swift"; sourceTree = "<group>"; };
		C2B53BDB268EC3070048CA35 /* LoginViewController.swift */ = {isa = PBXFileReference; lastKnownFileType = sourcecode.swift; path = LoginViewController.swift; sourceTree = "<group>"; };
		C2B53BE1269827150048CA35 /* User.swift */ = {isa = PBXFileReference; lastKnownFileType = sourcecode.swift; path = User.swift; sourceTree = "<group>"; };
		C2B53BE326992DD00048CA35 /* ProfileViewController.swift */ = {isa = PBXFileReference; lastKnownFileType = sourcecode.swift; path = ProfileViewController.swift; sourceTree = "<group>"; };
		C2B53BE6269BE6740048CA35 /* ProfileImageView.swift */ = {isa = PBXFileReference; lastKnownFileType = sourcecode.swift; path = ProfileImageView.swift; sourceTree = "<group>"; };
		C2B53BE8269BE8D20048CA35 /* ProfileLabel.swift */ = {isa = PBXFileReference; lastKnownFileType = sourcecode.swift; path = ProfileLabel.swift; sourceTree = "<group>"; };
		E39386BE0FE1F809CF50FAF6 /* Pods-TinderSampleApp.debug.xcconfig */ = {isa = PBXFileReference; includeInIndex = 1; lastKnownFileType = text.xcconfig; name = "Pods-TinderSampleApp.debug.xcconfig"; path = "Target Support Files/Pods-TinderSampleApp/Pods-TinderSampleApp.debug.xcconfig"; sourceTree = "<group>"; };
		F03374BF4A16967746B655BA /* Pods-TinderSampleApp-TinderSampleAppUITests.debug.xcconfig */ = {isa = PBXFileReference; includeInIndex = 1; lastKnownFileType = text.xcconfig; name = "Pods-TinderSampleApp-TinderSampleAppUITests.debug.xcconfig"; path = "Target Support Files/Pods-TinderSampleApp-TinderSampleAppUITests/Pods-TinderSampleApp-TinderSampleAppUITests.debug.xcconfig"; sourceTree = "<group>"; };
/* End PBXFileReference section */

/* Begin PBXFrameworksBuildPhase section */
		C2249AFE2680395800E801E8 /* Frameworks */ = {
			isa = PBXFrameworksBuildPhase;
			buildActionMask = 2147483647;
			files = (
				C26C03CF27203B4F005DC4D2 /* SDWebImage in Frameworks */,
				C2B53BBB2686EDEE0048CA35 /* RxRelay in Frameworks */,
				C2B53BB92686EDEE0048CA35 /* RxCocoa in Frameworks */,
				C2B53BB72686EDEE0048CA35 /* RxSwift in Frameworks */,
				C2B53BDF2696D0A20048CA35 /* PKHUD in Frameworks */,
				6A10D047FEF257B89C13779B /* Pods_TinderSampleApp.framework in Frameworks */,
			);
			runOnlyForDeploymentPostprocessing = 0;
		};
		C2249B142680395A00E801E8 /* Frameworks */ = {
			isa = PBXFrameworksBuildPhase;
			buildActionMask = 2147483647;
			files = (
				F592542834914EE51C135647 /* Pods_TinderSampleAppTests.framework in Frameworks */,
			);
			runOnlyForDeploymentPostprocessing = 0;
		};
		C2249B1F2680395A00E801E8 /* Frameworks */ = {
			isa = PBXFrameworksBuildPhase;
			buildActionMask = 2147483647;
			files = (
				A37F35B1325DF77736774FDE /* Pods_TinderSampleApp_TinderSampleAppUITests.framework in Frameworks */,
			);
			runOnlyForDeploymentPostprocessing = 0;
		};
/* End PBXFrameworksBuildPhase section */

/* Begin PBXGroup section */
		C2249AF82680395800E801E8 = {
			isa = PBXGroup;
			children = (
				C2249B032680395800E801E8 /* TinderSampleApp */,
				C2249B1A2680395A00E801E8 /* TinderSampleAppTests */,
				C2249B252680395A00E801E8 /* TinderSampleAppUITests */,
				C2249B022680395800E801E8 /* Products */,
				F7A83108EAB5236A0DF9A285 /* Pods */,
				EFC6D95F395B3FC36271AC37 /* Frameworks */,
			);
			sourceTree = "<group>";
		};
		C2249B022680395800E801E8 /* Products */ = {
			isa = PBXGroup;
			children = (
				C2249B012680395800E801E8 /* TinderSampleApp.app */,
				C2249B172680395A00E801E8 /* TinderSampleAppTests.xctest */,
				C2249B222680395A00E801E8 /* TinderSampleAppUITests.xctest */,
			);
			name = Products;
			sourceTree = "<group>";
		};
		C2249B032680395800E801E8 /* TinderSampleApp */ = {
			isa = PBXGroup;
			children = (
				C29E730026DDB16400ECF2F3 /* Cells */,
				C2B53BE0269826F70048CA35 /* Models */,
				C2B53BB22684730A0048CA35 /* Extensions */,
				C2B53BAB2683383C0048CA35 /* Views */,
				C2B53BAA268338040048CA35 /* ViewControllers */,
				C2B53BD4268DB1F20048CA35 /* ViewModel */,
				C2249B0D2680395A00E801E8 /* Assets.xcassets */,
				C2249B042680395800E801E8 /* AppDelegate.swift */,
				C2249B062680395800E801E8 /* SceneDelegate.swift */,
				C2249B0F2680395A00E801E8 /* LaunchScreen.storyboard */,
				C2249B122680395A00E801E8 /* Info.plist */,
				C2B53BC8268B28380048CA35 /* GoogleService-Info.plist */,
			);
			path = TinderSampleApp;
			sourceTree = "<group>";
		};
		C2249B1A2680395A00E801E8 /* TinderSampleAppTests */ = {
			isa = PBXGroup;
			children = (
				C2249B1B2680395A00E801E8 /* TinderSampleAppTests.swift */,
				C2249B1D2680395A00E801E8 /* Info.plist */,
			);
			path = TinderSampleAppTests;
			sourceTree = "<group>";
		};
		C2249B252680395A00E801E8 /* TinderSampleAppUITests */ = {
			isa = PBXGroup;
			children = (
				C2249B262680395A00E801E8 /* TinderSampleAppUITests.swift */,
				C2249B282680395A00E801E8 /* Info.plist */,
			);
			path = TinderSampleAppUITests;
			sourceTree = "<group>";
		};
		C29E730026DDB16400ECF2F3 /* Cells */ = {
			isa = PBXGroup;
			children = (
				C29E730126DDB24400ECF2F3 /* InfoCollectionViewCell.swift */,
			);
			path = Cells;
			sourceTree = "<group>";
		};
		C2B53BAA268338040048CA35 /* ViewControllers */ = {
			isa = PBXGroup;
			children = (
				C2B53BCA268B2AE40048CA35 /* RegisterViewController.swift */,
				C2B53BDB268EC3070048CA35 /* LoginViewController.swift */,
				C2249B082680395800E801E8 /* HomeViewController.swift */,
				C2B53BE326992DD00048CA35 /* ProfileViewController.swift */,
			);
			path = ViewControllers;
			sourceTree = "<group>";
		};
		C2B53BAB2683383C0048CA35 /* Views */ = {
			isa = PBXGroup;
			children = (
				C2B53BE5269BE64E0048CA35 /* Profile */,
				C2B53BCC268B2F430048CA35 /* Home */,
				C2B53BCD268B2F560048CA35 /* Register */,
			);
			path = Views;
			sourceTree = "<group>";
		};
		C2B53BB22684730A0048CA35 /* Extensions */ = {
			isa = PBXGroup;
			children = (
				C2B53BB0268473060048CA35 /* UIImage-Extension.swift */,
				C2B53BC4268A147B0048CA35 /* UIButton-Extension.swift */,
				C2B53BC02689EA3F0048CA35 /* UIColor-Extension.swift */,
				C2B53BBC268996A30048CA35 /* UIView-Extension.swift */,
				C2B53BD9268DCEBA0048CA35 /* Firebase-Extension.swift */,
			);
			path = Extensions;
			sourceTree = "<group>";
		};
		C2B53BCC268B2F430048CA35 /* Home */ = {
			isa = PBXGroup;
			children = (
				C2B53BAE268338C50048CA35 /* BottomControlView.swift */,
				C2B53BC6268A15EC0048CA35 /* CardImageView.swift */,
				C2B53BC2268A10310048CA35 /* CardInfoLabel.swift */,
				C2B53BB32686D67F0048CA35 /* TopControlView.swift */,
				C2B53BBE2689B0EA0048CA35 /* CardView.swift */,
			);
			path = Home;
			sourceTree = "<group>";
		};
		C2B53BCD268B2F560048CA35 /* Register */ = {
			isa = PBXGroup;
			children = (
				C2B53BCE268B2F930048CA35 /* RegisterTextField.swift */,
				C2B53BD0268C51990048CA35 /* RegisterTitleLabel.swift */,
				C2B53BD2268C54970048CA35 /* RegisterButton.swift */,
			);
			path = Register;
			sourceTree = "<group>";
		};
		C2B53BD4268DB1F20048CA35 /* ViewModel */ = {
			isa = PBXGroup;
			children = (
				C2B53BD7268DB23F0048CA35 /* RegisterViewModel.swift */,
			);
			path = ViewModel;
			sourceTree = "<group>";
		};
		C2B53BE0269826F70048CA35 /* Models */ = {
			isa = PBXGroup;
			children = (
				C2B53BE1269827150048CA35 /* User.swift */,
			);
			path = Models;
			sourceTree = "<group>";
		};
		C2B53BE5269BE64E0048CA35 /* Profile */ = {
			isa = PBXGroup;
			children = (
				C2B53BE6269BE6740048CA35 /* ProfileImageView.swift */,
				C2B53BE8269BE8D20048CA35 /* ProfileLabel.swift */,
				C29A340526D0F3410099BD3D /* ProfileTextField.swift */,
			);
			path = Profile;
			sourceTree = "<group>";
		};
		EFC6D95F395B3FC36271AC37 /* Frameworks */ = {
			isa = PBXGroup;
			children = (
				A5DA1A7EB1AC58EAC2041D46 /* Pods_TinderSampleApp.framework */,
				4377CF7341554084787BCFDB /* Pods_TinderSampleApp_TinderSampleAppUITests.framework */,
				62D60ACB0E7D945B76A795D7 /* Pods_TinderSampleAppTests.framework */,
			);
			name = Frameworks;
			sourceTree = "<group>";
		};
		F7A83108EAB5236A0DF9A285 /* Pods */ = {
			isa = PBXGroup;
			children = (
				E39386BE0FE1F809CF50FAF6 /* Pods-TinderSampleApp.debug.xcconfig */,
				382B9521745F43F8F52B6095 /* Pods-TinderSampleApp.release.xcconfig */,
				F03374BF4A16967746B655BA /* Pods-TinderSampleApp-TinderSampleAppUITests.debug.xcconfig */,
				78670A764671BCAA068D5F61 /* Pods-TinderSampleApp-TinderSampleAppUITests.release.xcconfig */,
				6FF97D70BF50B073B685E637 /* Pods-TinderSampleAppTests.debug.xcconfig */,
				BBF0757F5CD872CA4BC8D635 /* Pods-TinderSampleAppTests.release.xcconfig */,
			);
			path = Pods;
			sourceTree = "<group>";
		};
/* End PBXGroup section */

/* Begin PBXNativeTarget section */
		C2249B002680395800E801E8 /* TinderSampleApp */ = {
			isa = PBXNativeTarget;
			buildConfigurationList = C2249B2B2680395A00E801E8 /* Build configuration list for PBXNativeTarget "TinderSampleApp" */;
			buildPhases = (
				2ACF56B4EB432D8270CF0A43 /* [CP] Check Pods Manifest.lock */,
				C2249AFD2680395800E801E8 /* Sources */,
				C2249AFE2680395800E801E8 /* Frameworks */,
				C2249AFF2680395800E801E8 /* Resources */,
				0A4564D85A727441D1B06745 /* [CP] Embed Pods Frameworks */,
			);
			buildRules = (
			);
			dependencies = (
			);
			name = TinderSampleApp;
			packageProductDependencies = (
				C2B53BB62686EDEE0048CA35 /* RxSwift */,
				C2B53BB82686EDEE0048CA35 /* RxCocoa */,
				C2B53BBA2686EDEE0048CA35 /* RxRelay */,
				C2B53BDE2696D0A20048CA35 /* PKHUD */,
				C26C03CE27203B4F005DC4D2 /* SDWebImage */,
			);
			productName = TinderSampleApp;
			productReference = C2249B012680395800E801E8 /* TinderSampleApp.app */;
			productType = "com.apple.product-type.application";
		};
		C2249B162680395A00E801E8 /* TinderSampleAppTests */ = {
			isa = PBXNativeTarget;
			buildConfigurationList = C2249B2E2680395A00E801E8 /* Build configuration list for PBXNativeTarget "TinderSampleAppTests" */;
			buildPhases = (
				CFC8686833F820DF6B6E61F4 /* [CP] Check Pods Manifest.lock */,
				C2249B132680395A00E801E8 /* Sources */,
				C2249B142680395A00E801E8 /* Frameworks */,
				C2249B152680395A00E801E8 /* Resources */,
			);
			buildRules = (
			);
			dependencies = (
				C2249B192680395A00E801E8 /* PBXTargetDependency */,
			);
			name = TinderSampleAppTests;
			productName = TinderSampleAppTests;
			productReference = C2249B172680395A00E801E8 /* TinderSampleAppTests.xctest */;
			productType = "com.apple.product-type.bundle.unit-test";
		};
		C2249B212680395A00E801E8 /* TinderSampleAppUITests */ = {
			isa = PBXNativeTarget;
			buildConfigurationList = C2249B312680395A00E801E8 /* Build configuration list for PBXNativeTarget "TinderSampleAppUITests" */;
			buildPhases = (
				B3F51A2BCE397FC19B6EA4E3 /* [CP] Check Pods Manifest.lock */,
				C2249B1E2680395A00E801E8 /* Sources */,
				C2249B1F2680395A00E801E8 /* Frameworks */,
				C2249B202680395A00E801E8 /* Resources */,
				61947A22F134ECB4F1B6BD42 /* [CP] Embed Pods Frameworks */,
			);
			buildRules = (
			);
			dependencies = (
				C2249B242680395A00E801E8 /* PBXTargetDependency */,
			);
			name = TinderSampleAppUITests;
			productName = TinderSampleAppUITests;
			productReference = C2249B222680395A00E801E8 /* TinderSampleAppUITests.xctest */;
			productType = "com.apple.product-type.bundle.ui-testing";
		};
/* End PBXNativeTarget section */

/* Begin PBXProject section */
		C2249AF92680395800E801E8 /* Project object */ = {
			isa = PBXProject;
			attributes = {
				LastSwiftUpdateCheck = 1250;
				LastUpgradeCheck = 1250;
				TargetAttributes = {
					C2249B002680395800E801E8 = {
						CreatedOnToolsVersion = 12.5;
					};
					C2249B162680395A00E801E8 = {
						CreatedOnToolsVersion = 12.5;
						TestTargetID = C2249B002680395800E801E8;
					};
					C2249B212680395A00E801E8 = {
						CreatedOnToolsVersion = 12.5;
						TestTargetID = C2249B002680395800E801E8;
					};
				};
			};
			buildConfigurationList = C2249AFC2680395800E801E8 /* Build configuration list for PBXProject "TinderSampleApp" */;
			compatibilityVersion = "Xcode 9.3";
			developmentRegion = en;
			hasScannedForEncodings = 0;
			knownRegions = (
				en,
				Base,
			);
			mainGroup = C2249AF82680395800E801E8;
			packageReferences = (
				C2B53BB52686EDEE0048CA35 /* XCRemoteSwiftPackageReference "RxSwift" */,
				C2B53BDD2696D0A20048CA35 /* XCRemoteSwiftPackageReference "PKHUD" */,
				C26C03CD27203B4E005DC4D2 /* XCRemoteSwiftPackageReference "SDWebImage" */,
			);
			productRefGroup = C2249B022680395800E801E8 /* Products */;
			projectDirPath = "";
			projectRoot = "";
			targets = (
				C2249B002680395800E801E8 /* TinderSampleApp */,
				C2249B162680395A00E801E8 /* TinderSampleAppTests */,
				C2249B212680395A00E801E8 /* TinderSampleAppUITests */,
			);
		};
/* End PBXProject section */

/* Begin PBXResourcesBuildPhase section */
		C2249AFF2680395800E801E8 /* Resources */ = {
			isa = PBXResourcesBuildPhase;
			buildActionMask = 2147483647;
			files = (
				C2249B112680395A00E801E8 /* LaunchScreen.storyboard in Resources */,
				C2B53BC9268B28380048CA35 /* GoogleService-Info.plist in Resources */,
				C2249B0E2680395A00E801E8 /* Assets.xcassets in Resources */,
			);
			runOnlyForDeploymentPostprocessing = 0;
		};
		C2249B152680395A00E801E8 /* Resources */ = {
			isa = PBXResourcesBuildPhase;
			buildActionMask = 2147483647;
			files = (
			);
			runOnlyForDeploymentPostprocessing = 0;
		};
		C2249B202680395A00E801E8 /* Resources */ = {
			isa = PBXResourcesBuildPhase;
			buildActionMask = 2147483647;
			files = (
			);
			runOnlyForDeploymentPostprocessing = 0;
		};
/* End PBXResourcesBuildPhase section */

/* Begin PBXShellScriptBuildPhase section */
		0A4564D85A727441D1B06745 /* [CP] Embed Pods Frameworks */ = {
			isa = PBXShellScriptBuildPhase;
			buildActionMask = 2147483647;
			files = (
			);
			inputFileListPaths = (
				"${PODS_ROOT}/Target Support Files/Pods-TinderSampleApp/Pods-TinderSampleApp-frameworks-${CONFIGURATION}-input-files.xcfilelist",
			);
			name = "[CP] Embed Pods Frameworks";
			outputFileListPaths = (
				"${PODS_ROOT}/Target Support Files/Pods-TinderSampleApp/Pods-TinderSampleApp-frameworks-${CONFIGURATION}-output-files.xcfilelist",
			);
			runOnlyForDeploymentPostprocessing = 0;
			shellPath = /bin/sh;
			shellScript = "\"${PODS_ROOT}/Target Support Files/Pods-TinderSampleApp/Pods-TinderSampleApp-frameworks.sh\"\n";
			showEnvVarsInLog = 0;
		};
		2ACF56B4EB432D8270CF0A43 /* [CP] Check Pods Manifest.lock */ = {
			isa = PBXShellScriptBuildPhase;
			buildActionMask = 2147483647;
			files = (
			);
			inputFileListPaths = (
			);
			inputPaths = (
				"${PODS_PODFILE_DIR_PATH}/Podfile.lock",
				"${PODS_ROOT}/Manifest.lock",
			);
			name = "[CP] Check Pods Manifest.lock";
			outputFileListPaths = (
			);
			outputPaths = (
				"$(DERIVED_FILE_DIR)/Pods-TinderSampleApp-checkManifestLockResult.txt",
			);
			runOnlyForDeploymentPostprocessing = 0;
			shellPath = /bin/sh;
			shellScript = "diff \"${PODS_PODFILE_DIR_PATH}/Podfile.lock\" \"${PODS_ROOT}/Manifest.lock\" > /dev/null\nif [ $? != 0 ] ; then\n    # print error to STDERR\n    echo \"error: The sandbox is not in sync with the Podfile.lock. Run 'pod install' or update your CocoaPods installation.\" >&2\n    exit 1\nfi\n# This output is used by Xcode 'outputs' to avoid re-running this script phase.\necho \"SUCCESS\" > \"${SCRIPT_OUTPUT_FILE_0}\"\n";
			showEnvVarsInLog = 0;
		};
		61947A22F134ECB4F1B6BD42 /* [CP] Embed Pods Frameworks */ = {
			isa = PBXShellScriptBuildPhase;
			buildActionMask = 2147483647;
			files = (
			);
			inputFileListPaths = (
				"${PODS_ROOT}/Target Support Files/Pods-TinderSampleApp-TinderSampleAppUITests/Pods-TinderSampleApp-TinderSampleAppUITests-frameworks-${CONFIGURATION}-input-files.xcfilelist",
			);
			name = "[CP] Embed Pods Frameworks";
			outputFileListPaths = (
				"${PODS_ROOT}/Target Support Files/Pods-TinderSampleApp-TinderSampleAppUITests/Pods-TinderSampleApp-TinderSampleAppUITests-frameworks-${CONFIGURATION}-output-files.xcfilelist",
			);
			runOnlyForDeploymentPostprocessing = 0;
			shellPath = /bin/sh;
			shellScript = "\"${PODS_ROOT}/Target Support Files/Pods-TinderSampleApp-TinderSampleAppUITests/Pods-TinderSampleApp-TinderSampleAppUITests-frameworks.sh\"\n";
			showEnvVarsInLog = 0;
		};
		B3F51A2BCE397FC19B6EA4E3 /* [CP] Check Pods Manifest.lock */ = {
			isa = PBXShellScriptBuildPhase;
			buildActionMask = 2147483647;
			files = (
			);
			inputFileListPaths = (
			);
			inputPaths = (
				"${PODS_PODFILE_DIR_PATH}/Podfile.lock",
				"${PODS_ROOT}/Manifest.lock",
			);
			name = "[CP] Check Pods Manifest.lock";
			outputFileListPaths = (
			);
			outputPaths = (
				"$(DERIVED_FILE_DIR)/Pods-TinderSampleApp-TinderSampleAppUITests-checkManifestLockResult.txt",
			);
			runOnlyForDeploymentPostprocessing = 0;
			shellPath = /bin/sh;
			shellScript = "diff \"${PODS_PODFILE_DIR_PATH}/Podfile.lock\" \"${PODS_ROOT}/Manifest.lock\" > /dev/null\nif [ $? != 0 ] ; then\n    # print error to STDERR\n    echo \"error: The sandbox is not in sync with the Podfile.lock. Run 'pod install' or update your CocoaPods installation.\" >&2\n    exit 1\nfi\n# This output is used by Xcode 'outputs' to avoid re-running this script phase.\necho \"SUCCESS\" > \"${SCRIPT_OUTPUT_FILE_0}\"\n";
			showEnvVarsInLog = 0;
		};
		CFC8686833F820DF6B6E61F4 /* [CP] Check Pods Manifest.lock */ = {
			isa = PBXShellScriptBuildPhase;
			buildActionMask = 2147483647;
			files = (
			);
			inputFileListPaths = (
			);
			inputPaths = (
				"${PODS_PODFILE_DIR_PATH}/Podfile.lock",
				"${PODS_ROOT}/Manifest.lock",
			);
			name = "[CP] Check Pods Manifest.lock";
			outputFileListPaths = (
			);
			outputPaths = (
				"$(DERIVED_FILE_DIR)/Pods-TinderSampleAppTests-checkManifestLockResult.txt",
			);
			runOnlyForDeploymentPostprocessing = 0;
			shellPath = /bin/sh;
			shellScript = "diff \"${PODS_PODFILE_DIR_PATH}/Podfile.lock\" \"${PODS_ROOT}/Manifest.lock\" > /dev/null\nif [ $? != 0 ] ; then\n    # print error to STDERR\n    echo \"error: The sandbox is not in sync with the Podfile.lock. Run 'pod install' or update your CocoaPods installation.\" >&2\n    exit 1\nfi\n# This output is used by Xcode 'outputs' to avoid re-running this script phase.\necho \"SUCCESS\" > \"${SCRIPT_OUTPUT_FILE_0}\"\n";
			showEnvVarsInLog = 0;
		};
/* End PBXShellScriptBuildPhase section */

/* Begin PBXSourcesBuildPhase section */
		C2249AFD2680395800E801E8 /* Sources */ = {
			isa = PBXSourcesBuildPhase;
			buildActionMask = 2147483647;
			files = (
				C29E730226DDB24400ECF2F3 /* InfoCollectionViewCell.swift in Sources */,
				C2B53BD3268C54970048CA35 /* RegisterButton.swift in Sources */,
				C2249B092680395800E801E8 /* HomeViewController.swift in Sources */,
				C2249B052680395800E801E8 /* AppDelegate.swift in Sources */,
				C2B53BD1268C51990048CA35 /* RegisterTitleLabel.swift in Sources */,
				C2B53BDC268EC3070048CA35 /* LoginViewController.swift in Sources */,
				C2B53BC3268A10310048CA35 /* CardInfoLabel.swift in Sources */,
				C2B53BB42686D67F0048CA35 /* TopControlView.swift in Sources */,
				C2B53BBD268996A30048CA35 /* UIView-Extension.swift in Sources */,
				C2B53BE2269827150048CA35 /* User.swift in Sources */,
				C2B53BC12689EA3F0048CA35 /* UIColor-Extension.swift in Sources */,
				C2B53BDA268DCEBA0048CA35 /* Firebase-Extension.swift in Sources */,
				C29A340626D0F3410099BD3D /* ProfileTextField.swift in Sources */,
				C2B53BC5268A147B0048CA35 /* UIButton-Extension.swift in Sources */,
				C2B53BD8268DB23F0048CA35 /* RegisterViewModel.swift in Sources */,
				C2249B072680395800E801E8 /* SceneDelegate.swift in Sources */,
				C2B53BAF268338C50048CA35 /* BottomControlView.swift in Sources */,
				C2B53BBF2689B0EA0048CA35 /* CardView.swift in Sources */,
				C2B53BE7269BE6740048CA35 /* ProfileImageView.swift in Sources */,
				C2B53BE9269BE8D20048CA35 /* ProfileLabel.swift in Sources */,
				C2B53BCF268B2F930048CA35 /* RegisterTextField.swift in Sources */,
				C2B53BCB268B2AE40048CA35 /* RegisterViewController.swift in Sources */,
				C2B53BC7268A15ED0048CA35 /* CardImageView.swift in Sources */,
				C2B53BB1268473060048CA35 /* UIImage-Extension.swift in Sources */,
				C2B53BE426992DD00048CA35 /* ProfileViewController.swift in Sources */,
			);
			runOnlyForDeploymentPostprocessing = 0;
		};
		C2249B132680395A00E801E8 /* Sources */ = {
			isa = PBXSourcesBuildPhase;
			buildActionMask = 2147483647;
			files = (
				C2249B1C2680395A00E801E8 /* TinderSampleAppTests.swift in Sources */,
			);
			runOnlyForDeploymentPostprocessing = 0;
		};
		C2249B1E2680395A00E801E8 /* Sources */ = {
			isa = PBXSourcesBuildPhase;
			buildActionMask = 2147483647;
			files = (
				C2249B272680395A00E801E8 /* TinderSampleAppUITests.swift in Sources */,
			);
			runOnlyForDeploymentPostprocessing = 0;
		};
/* End PBXSourcesBuildPhase section */

/* Begin PBXTargetDependency section */
		C2249B192680395A00E801E8 /* PBXTargetDependency */ = {
			isa = PBXTargetDependency;
			target = C2249B002680395800E801E8 /* TinderSampleApp */;
			targetProxy = C2249B182680395A00E801E8 /* PBXContainerItemProxy */;
		};
		C2249B242680395A00E801E8 /* PBXTargetDependency */ = {
			isa = PBXTargetDependency;
			target = C2249B002680395800E801E8 /* TinderSampleApp */;
			targetProxy = C2249B232680395A00E801E8 /* PBXContainerItemProxy */;
		};
/* End PBXTargetDependency section */

/* Begin PBXVariantGroup section */
		C2249B0F2680395A00E801E8 /* LaunchScreen.storyboard */ = {
			isa = PBXVariantGroup;
			children = (
				C2249B102680395A00E801E8 /* Base */,
			);
			name = LaunchScreen.storyboard;
			sourceTree = "<group>";
		};
/* End PBXVariantGroup section */

/* Begin XCBuildConfiguration section */
		C2249B292680395A00E801E8 /* Debug */ = {
			isa = XCBuildConfiguration;
			buildSettings = {
				ALWAYS_SEARCH_USER_PATHS = NO;
				CLANG_ANALYZER_NONNULL = YES;
				CLANG_ANALYZER_NUMBER_OBJECT_CONVERSION = YES_AGGRESSIVE;
				CLANG_CXX_LANGUAGE_STANDARD = "gnu++14";
				CLANG_CXX_LIBRARY = "libc++";
				CLANG_ENABLE_MODULES = YES;
				CLANG_ENABLE_OBJC_ARC = YES;
				CLANG_ENABLE_OBJC_WEAK = YES;
				CLANG_WARN_BLOCK_CAPTURE_AUTORELEASING = YES;
				CLANG_WARN_BOOL_CONVERSION = YES;
				CLANG_WARN_COMMA = YES;
				CLANG_WARN_CONSTANT_CONVERSION = YES;
				CLANG_WARN_DEPRECATED_OBJC_IMPLEMENTATIONS = YES;
				CLANG_WARN_DIRECT_OBJC_ISA_USAGE = YES_ERROR;
				CLANG_WARN_DOCUMENTATION_COMMENTS = YES;
				CLANG_WARN_EMPTY_BODY = YES;
				CLANG_WARN_ENUM_CONVERSION = YES;
				CLANG_WARN_INFINITE_RECURSION = YES;
				CLANG_WARN_INT_CONVERSION = YES;
				CLANG_WARN_NON_LITERAL_NULL_CONVERSION = YES;
				CLANG_WARN_OBJC_IMPLICIT_RETAIN_SELF = YES;
				CLANG_WARN_OBJC_LITERAL_CONVERSION = YES;
				CLANG_WARN_OBJC_ROOT_CLASS = YES_ERROR;
				CLANG_WARN_QUOTED_INCLUDE_IN_FRAMEWORK_HEADER = YES;
				CLANG_WARN_RANGE_LOOP_ANALYSIS = YES;
				CLANG_WARN_STRICT_PROTOTYPES = YES;
				CLANG_WARN_SUSPICIOUS_MOVE = YES;
				CLANG_WARN_UNGUARDED_AVAILABILITY = YES_AGGRESSIVE;
				CLANG_WARN_UNREACHABLE_CODE = YES;
				CLANG_WARN__DUPLICATE_METHOD_MATCH = YES;
				COPY_PHASE_STRIP = NO;
				DEBUG_INFORMATION_FORMAT = dwarf;
				ENABLE_STRICT_OBJC_MSGSEND = YES;
				ENABLE_TESTABILITY = YES;
				GCC_C_LANGUAGE_STANDARD = gnu11;
				GCC_DYNAMIC_NO_PIC = NO;
				GCC_NO_COMMON_BLOCKS = YES;
				GCC_OPTIMIZATION_LEVEL = 0;
				GCC_PREPROCESSOR_DEFINITIONS = (
					"DEBUG=1",
					"$(inherited)",
				);
				GCC_WARN_64_TO_32_BIT_CONVERSION = YES;
				GCC_WARN_ABOUT_RETURN_TYPE = YES_ERROR;
				GCC_WARN_UNDECLARED_SELECTOR = YES;
				GCC_WARN_UNINITIALIZED_AUTOS = YES_AGGRESSIVE;
				GCC_WARN_UNUSED_FUNCTION = YES;
				GCC_WARN_UNUSED_VARIABLE = YES;
				IPHONEOS_DEPLOYMENT_TARGET = 13.0;
				MTL_ENABLE_DEBUG_INFO = INCLUDE_SOURCE;
				MTL_FAST_MATH = YES;
				ONLY_ACTIVE_ARCH = YES;
				SDKROOT = iphoneos;
				SWIFT_ACTIVE_COMPILATION_CONDITIONS = DEBUG;
				SWIFT_OPTIMIZATION_LEVEL = "-Onone";
			};
			name = Debug;
		};
		C2249B2A2680395A00E801E8 /* Release */ = {
			isa = XCBuildConfiguration;
			buildSettings = {
				ALWAYS_SEARCH_USER_PATHS = NO;
				CLANG_ANALYZER_NONNULL = YES;
				CLANG_ANALYZER_NUMBER_OBJECT_CONVERSION = YES_AGGRESSIVE;
				CLANG_CXX_LANGUAGE_STANDARD = "gnu++14";
				CLANG_CXX_LIBRARY = "libc++";
				CLANG_ENABLE_MODULES = YES;
				CLANG_ENABLE_OBJC_ARC = YES;
				CLANG_ENABLE_OBJC_WEAK = YES;
				CLANG_WARN_BLOCK_CAPTURE_AUTORELEASING = YES;
				CLANG_WARN_BOOL_CONVERSION = YES;
				CLANG_WARN_COMMA = YES;
				CLANG_WARN_CONSTANT_CONVERSION = YES;
				CLANG_WARN_DEPRECATED_OBJC_IMPLEMENTATIONS = YES;
				CLANG_WARN_DIRECT_OBJC_ISA_USAGE = YES_ERROR;
				CLANG_WARN_DOCUMENTATION_COMMENTS = YES;
				CLANG_WARN_EMPTY_BODY = YES;
				CLANG_WARN_ENUM_CONVERSION = YES;
				CLANG_WARN_INFINITE_RECURSION = YES;
				CLANG_WARN_INT_CONVERSION = YES;
				CLANG_WARN_NON_LITERAL_NULL_CONVERSION = YES;
				CLANG_WARN_OBJC_IMPLICIT_RETAIN_SELF = YES;
				CLANG_WARN_OBJC_LITERAL_CONVERSION = YES;
				CLANG_WARN_OBJC_ROOT_CLASS = YES_ERROR;
				CLANG_WARN_QUOTED_INCLUDE_IN_FRAMEWORK_HEADER = YES;
				CLANG_WARN_RANGE_LOOP_ANALYSIS = YES;
				CLANG_WARN_STRICT_PROTOTYPES = YES;
				CLANG_WARN_SUSPICIOUS_MOVE = YES;
				CLANG_WARN_UNGUARDED_AVAILABILITY = YES_AGGRESSIVE;
				CLANG_WARN_UNREACHABLE_CODE = YES;
				CLANG_WARN__DUPLICATE_METHOD_MATCH = YES;
				COPY_PHASE_STRIP = NO;
				DEBUG_INFORMATION_FORMAT = "dwarf-with-dsym";
				ENABLE_NS_ASSERTIONS = NO;
				ENABLE_STRICT_OBJC_MSGSEND = YES;
				GCC_C_LANGUAGE_STANDARD = gnu11;
				GCC_NO_COMMON_BLOCKS = YES;
				GCC_WARN_64_TO_32_BIT_CONVERSION = YES;
				GCC_WARN_ABOUT_RETURN_TYPE = YES_ERROR;
				GCC_WARN_UNDECLARED_SELECTOR = YES;
				GCC_WARN_UNINITIALIZED_AUTOS = YES_AGGRESSIVE;
				GCC_WARN_UNUSED_FUNCTION = YES;
				GCC_WARN_UNUSED_VARIABLE = YES;
				IPHONEOS_DEPLOYMENT_TARGET = 13.0;
				MTL_ENABLE_DEBUG_INFO = NO;
				MTL_FAST_MATH = YES;
				SDKROOT = iphoneos;
				SWIFT_COMPILATION_MODE = wholemodule;
				SWIFT_OPTIMIZATION_LEVEL = "-O";
				VALIDATE_PRODUCT = YES;
			};
			name = Release;
		};
		C2249B2C2680395A00E801E8 /* Debug */ = {
			isa = XCBuildConfiguration;
			baseConfigurationReference = E39386BE0FE1F809CF50FAF6 /* Pods-TinderSampleApp.debug.xcconfig */;
			buildSettings = {
				ASSETCATALOG_COMPILER_APPICON_NAME = AppIcon;
				ASSETCATALOG_COMPILER_GLOBAL_ACCENT_COLOR_NAME = AccentColor;
				CODE_SIGN_STYLE = Automatic;
				DEVELOPMENT_TEAM = ZL8UHBLB85;
				INFOPLIST_FILE = TinderSampleApp/Info.plist;
				LD_RUNPATH_SEARCH_PATHS = (
					"$(inherited)",
					"@executable_path/Frameworks",
				);
				PRODUCT_BUNDLE_IDENTIFIER = shimizusena.TinderSampleApp;
				PRODUCT_NAME = "$(TARGET_NAME)";
				SWIFT_VERSION = 5.0;
				TARGETED_DEVICE_FAMILY = "1,2";
			};
			name = Debug;
		};
		C2249B2D2680395A00E801E8 /* Release */ = {
			isa = XCBuildConfiguration;
			baseConfigurationReference = 382B9521745F43F8F52B6095 /* Pods-TinderSampleApp.release.xcconfig */;
			buildSettings = {
				ASSETCATALOG_COMPILER_APPICON_NAME = AppIcon;
				ASSETCATALOG_COMPILER_GLOBAL_ACCENT_COLOR_NAME = AccentColor;
				CODE_SIGN_STYLE = Automatic;
				DEVELOPMENT_TEAM = ZL8UHBLB85;
				INFOPLIST_FILE = TinderSampleApp/Info.plist;
				LD_RUNPATH_SEARCH_PATHS = (
					"$(inherited)",
					"@executable_path/Frameworks",
				);
				PRODUCT_BUNDLE_IDENTIFIER = shimizusena.TinderSampleApp;
				PRODUCT_NAME = "$(TARGET_NAME)";
				SWIFT_VERSION = 5.0;
				TARGETED_DEVICE_FAMILY = "1,2";
			};
			name = Release;
		};
		C2249B2F2680395A00E801E8 /* Debug */ = {
			isa = XCBuildConfiguration;
			baseConfigurationReference = 6FF97D70BF50B073B685E637 /* Pods-TinderSampleAppTests.debug.xcconfig */;
			buildSettings = {
				ALWAYS_EMBED_SWIFT_STANDARD_LIBRARIES = YES;
				BUNDLE_LOADER = "$(TEST_HOST)";
				CODE_SIGN_STYLE = Automatic;
				DEVELOPMENT_TEAM = ZL8UHBLB85;
				INFOPLIST_FILE = TinderSampleAppTests/Info.plist;
				IPHONEOS_DEPLOYMENT_TARGET = 14.5;
				LD_RUNPATH_SEARCH_PATHS = (
					"$(inherited)",
					"@executable_path/Frameworks",
					"@loader_path/Frameworks",
				);
				PRODUCT_BUNDLE_IDENTIFIER = shimizusena.TinderSampleAppTests;
				PRODUCT_NAME = "$(TARGET_NAME)";
				SWIFT_VERSION = 5.0;
				TARGETED_DEVICE_FAMILY = "1,2";
				TEST_HOST = "$(BUILT_PRODUCTS_DIR)/TinderSampleApp.app/TinderSampleApp";
			};
			name = Debug;
		};
		C2249B302680395A00E801E8 /* Release */ = {
			isa = XCBuildConfiguration;
			baseConfigurationReference = BBF0757F5CD872CA4BC8D635 /* Pods-TinderSampleAppTests.release.xcconfig */;
			buildSettings = {
				ALWAYS_EMBED_SWIFT_STANDARD_LIBRARIES = YES;
				BUNDLE_LOADER = "$(TEST_HOST)";
				CODE_SIGN_STYLE = Automatic;
				DEVELOPMENT_TEAM = ZL8UHBLB85;
				INFOPLIST_FILE = TinderSampleAppTests/Info.plist;
				IPHONEOS_DEPLOYMENT_TARGET = 14.5;
				LD_RUNPATH_SEARCH_PATHS = (
					"$(inherited)",
					"@executable_path/Frameworks",
					"@loader_path/Frameworks",
				);
				PRODUCT_BUNDLE_IDENTIFIER = shimizusena.TinderSampleAppTests;
				PRODUCT_NAME = "$(TARGET_NAME)";
				SWIFT_VERSION = 5.0;
				TARGETED_DEVICE_FAMILY = "1,2";
				TEST_HOST = "$(BUILT_PRODUCTS_DIR)/TinderSampleApp.app/TinderSampleApp";
			};
			name = Release;
		};
		C2249B322680395A00E801E8 /* Debug */ = {
			isa = XCBuildConfiguration;
			baseConfigurationReference = F03374BF4A16967746B655BA /* Pods-TinderSampleApp-TinderSampleAppUITests.debug.xcconfig */;
			buildSettings = {
				ALWAYS_EMBED_SWIFT_STANDARD_LIBRARIES = YES;
				CODE_SIGN_STYLE = Automatic;
				DEVELOPMENT_TEAM = ZL8UHBLB85;
				INFOPLIST_FILE = TinderSampleAppUITests/Info.plist;
				LD_RUNPATH_SEARCH_PATHS = (
					"$(inherited)",
					"@executable_path/Frameworks",
					"@loader_path/Frameworks",
				);
				PRODUCT_BUNDLE_IDENTIFIER = shimizusena.TinderSampleAppUITests;
				PRODUCT_NAME = "$(TARGET_NAME)";
				SWIFT_VERSION = 5.0;
				TARGETED_DEVICE_FAMILY = "1,2";
				TEST_TARGET_NAME = TinderSampleApp;
			};
			name = Debug;
		};
		C2249B332680395A00E801E8 /* Release */ = {
			isa = XCBuildConfiguration;
			baseConfigurationReference = 78670A764671BCAA068D5F61 /* Pods-TinderSampleApp-TinderSampleAppUITests.release.xcconfig */;
			buildSettings = {
				ALWAYS_EMBED_SWIFT_STANDARD_LIBRARIES = YES;
				CODE_SIGN_STYLE = Automatic;
				DEVELOPMENT_TEAM = ZL8UHBLB85;
				INFOPLIST_FILE = TinderSampleAppUITests/Info.plist;
				LD_RUNPATH_SEARCH_PATHS = (
					"$(inherited)",
					"@executable_path/Frameworks",
					"@loader_path/Frameworks",
				);
				PRODUCT_BUNDLE_IDENTIFIER = shimizusena.TinderSampleAppUITests;
				PRODUCT_NAME = "$(TARGET_NAME)";
				SWIFT_VERSION = 5.0;
				TARGETED_DEVICE_FAMILY = "1,2";
				TEST_TARGET_NAME = TinderSampleApp;
			};
			name = Release;
		};
/* End XCBuildConfiguration section */

/* Begin XCConfigurationList section */
		C2249AFC2680395800E801E8 /* Build configuration list for PBXProject "TinderSampleApp" */ = {
			isa = XCConfigurationList;
			buildConfigurations = (
				C2249B292680395A00E801E8 /* Debug */,
				C2249B2A2680395A00E801E8 /* Release */,
			);
			defaultConfigurationIsVisible = 0;
			defaultConfigurationName = Release;
		};
		C2249B2B2680395A00E801E8 /* Build configuration list for PBXNativeTarget "TinderSampleApp" */ = {
			isa = XCConfigurationList;
			buildConfigurations = (
				C2249B2C2680395A00E801E8 /* Debug */,
				C2249B2D2680395A00E801E8 /* Release */,
			);
			defaultConfigurationIsVisible = 0;
			defaultConfigurationName = Release;
		};
		C2249B2E2680395A00E801E8 /* Build configuration list for PBXNativeTarget "TinderSampleAppTests" */ = {
			isa = XCConfigurationList;
			buildConfigurations = (
				C2249B2F2680395A00E801E8 /* Debug */,
				C2249B302680395A00E801E8 /* Release */,
			);
			defaultConfigurationIsVisible = 0;
			defaultConfigurationName = Release;
		};
		C2249B312680395A00E801E8 /* Build configuration list for PBXNativeTarget "TinderSampleAppUITests" */ = {
			isa = XCConfigurationList;
			buildConfigurations = (
				C2249B322680395A00E801E8 /* Debug */,
				C2249B332680395A00E801E8 /* Release */,
			);
			defaultConfigurationIsVisible = 0;
			defaultConfigurationName = Release;
		};
/* End XCConfigurationList section */

/* Begin XCRemoteSwiftPackageReference section */
		C26C03CD27203B4E005DC4D2 /* XCRemoteSwiftPackageReference "SDWebImage" */ = {
			isa = XCRemoteSwiftPackageReference;
			repositoryURL = "https://github.com/SDWebImage/SDWebImage";
			requirement = {
				kind = upToNextMajorVersion;
				minimumVersion = 5.12.1;
			};
		};
		C2B53BB52686EDEE0048CA35 /* XCRemoteSwiftPackageReference "RxSwift" */ = {
			isa = XCRemoteSwiftPackageReference;
			repositoryURL = "https://github.com/ReactiveX/RxSwift";
			requirement = {
				kind = exactVersion;
				version = 6.0.0;
			};
		};
		C2B53BDD2696D0A20048CA35 /* XCRemoteSwiftPackageReference "PKHUD" */ = {
			isa = XCRemoteSwiftPackageReference;
			repositoryURL = "https://github.com/pkluz/PKHUD";
			requirement = {
				kind = upToNextMajorVersion;
				minimumVersion = 5.4.0;
			};
		};
/* End XCRemoteSwiftPackageReference section */

/* Begin XCSwiftPackageProductDependency section */
		C26C03CE27203B4F005DC4D2 /* SDWebImage */ = {
			isa = XCSwiftPackageProductDependency;
			package = C26C03CD27203B4E005DC4D2 /* XCRemoteSwiftPackageReference "SDWebImage" */;
			productName = SDWebImage;
		};
		C2B53BB62686EDEE0048CA35 /* RxSwift */ = {
			isa = XCSwiftPackageProductDependency;
			package = C2B53BB52686EDEE0048CA35 /* XCRemoteSwiftPackageReference "RxSwift" */;
			productName = RxSwift;
		};
		C2B53BB82686EDEE0048CA35 /* RxCocoa */ = {
			isa = XCSwiftPackageProductDependency;
			package = C2B53BB52686EDEE0048CA35 /* XCRemoteSwiftPackageReference "RxSwift" */;
			productName = RxCocoa;
		};
		C2B53BBA2686EDEE0048CA35 /* RxRelay */ = {
			isa = XCSwiftPackageProductDependency;
			package = C2B53BB52686EDEE0048CA35 /* XCRemoteSwiftPackageReference "RxSwift" */;
			productName = RxRelay;
		};
		C2B53BDE2696D0A20048CA35 /* PKHUD */ = {
			isa = XCSwiftPackageProductDependency;
			package = C2B53BDD2696D0A20048CA35 /* XCRemoteSwiftPackageReference "PKHUD" */;
			productName = PKHUD;
		};
/* End XCSwiftPackageProductDependency section */
	};
	rootObject = C2249AF92680395800E801E8 /* Project object */;
}
